<?xml version="1.0" encoding="utf-8"?>
<Project ToolsVersion="4.0" xmlns="http://schemas.microsoft.com/developer/msbuild/2003">
  <ItemGroup>
    <Filter Include="Исходные файлы">
      <UniqueIdentifier>{4FC737F1-C7A5-4376-A066-2A32D752A2FF}</UniqueIdentifier>
      <Extensions>cpp;c;cc;cxx;c++;def;odl;idl;hpj;bat;asm;asmx</Extensions>
    </Filter>
    <Filter Include="Файлы заголовков">
      <UniqueIdentifier>{93995380-89BD-4b04-88EB-625FBE52EBFB}</UniqueIdentifier>
      <Extensions>h;hh;hpp;hxx;h++;hm;inl;inc;ipp;xsd</Extensions>
    </Filter>
    <Filter Include="Файлы ресурсов">
      <UniqueIdentifier>{67DA6AB6-F800-4c08-8B7A-83BB121AAD01}</UniqueIdentifier>
      <Extensions>rc;ico;cur;bmp;dlg;rc2;rct;bin;rgs;gif;jpg;jpeg;jpe;resx;tiff;tif;png;wav;mfcribbon-ms</Extensions>
    </Filter>
  </ItemGroup>
  <ItemGroup>
    <ClCompile Include="stdafx.cpp">
      <Filter>Исходные файлы</Filter>
    </ClCompile>
    <ClCompile Include="PEDUMP.cpp">
      <Filter>Исходные файлы</Filter>
    </ClCompile>
    <ClCompile Include="COMMON.cpp">
      <Filter>Исходные файлы</Filter>
    </ClCompile>
    <ClCompile Include="DBGDUMP.cpp">
      <Filter>Исходные файлы</Filter>
    </ClCompile>
    <ClCompile Include="EXEDUMP.cpp">
      <Filter>Исходные файлы</Filter>
    </ClCompile>
    <ClCompile Include="LIBDUMP.cpp">
      <Filter>Исходные файлы</Filter>
    </ClCompile>
    <ClCompile Include="OBJDUMP.cpp">
      <Filter>Исходные файлы</Filter>
    </ClCompile>
    <ClCompile Include="resdump.cpp">
      <Filter>Исходные файлы</Filter>
    </ClCompile>
    <ClCompile Include="romimage.cpp">
      <Filter>Исходные файлы</Filter>
    </ClCompile>
    <ClCompile Include="symboltablesupport.cpp">
      <Filter>Исходные файлы</Filter>
    </ClCompile>
    <ClCompile Include="coffsymboltable.cpp">
      <Filter>Исходные файлы</Filter>
    </ClCompile>
    <ClCompile Include="CVSymbols.cpp">
      <Filter>Исходные файлы</Filter>
    </ClCompile>
    <ClCompile Include="OS2.cpp">
      <Filter>Исходные файлы</Filter>
    </ClCompile>
    <ClCompile Include="PEInfo.cpp">
      <Filter>Исходные файлы</Filter>
    </ClCompile>
  </ItemGroup>
  <ItemGroup>
    <ClInclude Include="COMMON.h">
      <Filter>Файлы заголовков</Filter>
    </ClInclude>
    <ClInclude Include="coffsymboltable.h">
      <Filter>Файлы заголовков</Filter>
    </ClInclude>
    <ClInclude Include="cvsymbols.h">
      <Filter>Файлы заголовков</Filter>
    </ClInclude>
    <ClInclude Include="DBGDUMP.h">
      <Filter>Файлы заголовков</Filter>
    </ClInclude>
    <ClInclude Include="EXEDUMP.h">
      <Filter>Файлы заголовков</Filter>
    </ClInclude>
    <ClInclude Include="LIBDUMP.h">
      <Filter>Файлы заголовков</Filter>
    </ClInclude>
    <ClInclude Include="OBJDUMP.h">
      <Filter>Файлы заголовков</Filter>
    </ClInclude>
    <ClInclude Include="resdump.h">
      <Filter>Файлы заголовков</Filter>
    </ClInclude>
    <ClInclude Include="RomImage.h">
      <Filter>Файлы заголовков</Filter>
    </ClInclude>
    <ClInclude Include="symboltablesupport.h">
      <Filter>Файлы заголовков</Filter>
    </ClInclude>
    <ClInclude Include="cv_dbg.h">
      <Filter>Файлы заголовков</Filter>
    </ClInclude>
    <ClInclude Include="cvexefmt.h">
      <Filter>Файлы заголовков</Filter>
    </ClInclude>
    <ClInclude Include="cvinfo.h">
      <Filter>Файлы заголовков</Filter>
    </ClInclude>
    <ClInclude Include="CVInfoNew.h">
      <Filter>Файлы заголовков</Filter>
    </ClInclude>
    <ClInclude Include="EXTRNVAR.h">
      <Filter>Файлы заголовков</Filter>
    </ClInclude>
    <ClInclude Include="OS2.h">
      <Filter>Файлы заголовков</Filter>
    </ClInclude>
    <ClInclude Include="pedump.h">
      <Filter>Файлы заголовков</Filter>
    </ClInclude>
    <ClInclude Include="PEInfo.h">
      <Filter>Файлы заголовков</Filter>
    </ClInclude>
  </ItemGroup>
</Project>